# This file is @generated by PDM.
# It is not intended for manual editing.

[metadata]
groups = ["default"]
strategy = ["inherit_metadata"]
lock_version = "4.5.0"
content_hash = "sha256:f3164a84d80946c41ff6ce1bef75ebdaa0068de48955c67a72389fb96e34ffc0"

[[metadata.targets]]
requires_python = ">=3.14"

[[package]]
name = "asgiref"
version = "3.11.1"
requires_python = ">=3.9"
summary = "ASGI specs, helper code, and adapters"
groups = ["default"]
dependencies = [
    "typing-extensions>=4; python_version < \"3.11\"",
]
files = [
    {file = "asgiref-3.11.1-py3-none-any.whl", hash = "sha256:e8667a091e69529631969fd45dc268fa79b99c92c5fcdda727757e52146ec133"},
    {file = "asgiref-3.11.1.tar.gz", hash = "sha256:5f184dc43b7e763efe848065441eac62229c9f7b0475f41f80e207a114eda4ce"},
]

[[package]]
name = "certifi"
version = "2026.5.20"
requires_python = ">=3.7"
summary = "Python package for providing Mozilla's CA Bundle."
groups = ["default"]
files = [
    {file = "certifi-2026.5.20-py3-none-any.whl", hash = "sha256:3c52e209ba0a4ad7aebe60436a4ab349c39e1e602e8c134221e546902ad25897"},
    {file = "certifi-2026.5.20.tar.gz", hash = "sha256:69dea482ab64caa7b9f6aba1c6bf48bb6a5448d1c0f1b17ab42ad8c763a5344d"},
]

[[package]]
name = "cffi"
version = "2.1.0"
requires_python = ">=3.10"
summary = "Foreign Function Interface for Python calling C code."
groups = ["default"]
marker = "platform_python_implementation != \"PyPy\" and python_version >= \"3.14\""
dependencies = [
    "pycparser; implementation_name != \"PyPy\"",
]
files = [
    {file = "cffi-2.1.0-cp314-cp314-ios_13_0_arm64_iphoneos.whl", hash = "sha256:d2117334c3af3bdcb9a88522b844a2bdb5efdc4f71c6c822df55486ae1c3347a"},
    {file = "cffi-2.1.0-cp314-cp314-ios_13_0_arm64_iphonesimulator.whl", hash = "sha256:702c436735fbe99d59ada02a1f65cfc0d31c0ee8b7290912f8fbc5cd1e4b16c3"},
    {file = "cffi-2.1.0-cp314-cp314-macosx_10_15_x86_64.whl", hash = "sha256:1ff3456eab0d889592d1936d6125bbfbc7ae4d3354a700f8bd80450a66445d4d"},
    {file = "cffi-2.1.0-cp314-cp314-macosx_11_0_arm64.whl", hash = "sha256:c4165821e131d6d4ca444347c2b694e2311bcfa3fe5a861cc72968f28867beac"},
    {file = "cffi-2.1.0-cp314-cp314-manylinux2014_aarch64.manylinux_2_17_aarch64.whl", hash = "sha256:276f20fffd7b396e12516ba8edf9509210ac248cbbc5acbc39cd512f9f59ebe6"},
    {file = "cffi-2.1.0-cp314-cp314-manylinux2014_ppc64le.manylinux_2_17_ppc64le.whl", hash = "sha256:7d5980a3433d4b71a5e120f9dd551403d7824e31e2e67124fe2769c404c06913"},
    {file = "cffi-2.1.0-cp314-cp314-manylinux2014_s390x.manylinux_2_17_s390x.whl", hash = "sha256:6ca4919c6e4f89aa99c42510b42cf54596892c00b3f9077f6bdd1505e24b9c8d"},
    {file = "cffi-2.1.0-cp314-cp314-manylinux2014_x86_64.manylinux_2_17_x86_64.whl", hash = "sha256:d53d10f7da99ae46f7373b9150393e9c5eab9b224909982b43832668de4779f5"},
    {file = "cffi-2.1.0-cp314-cp314-musllinux_1_2_aarch64.whl", hash = "sha256:c351efb95e832a853a29361675f33a7ce53de1a109cd73fd47af0712213aa4ce"},
    {file = "cffi-2.1.0-cp314-cp314-musllinux_1_2_x86_64.whl", hash = "sha256:dbf7c7a88e2bac086f06d14577332760bdeecc42bdec8ac4077f6260557d9326"},
    {file = "cffi-2.1.0-cp314-cp314-win32.whl", hash = "sha256:1854b724d00f6654c742097d5387569021be12d3a0f770eae1df8f8acfcc6acd"},
    {file = "cffi-2.1.0-cp314-cp314-win_amd64.whl", hash = "sha256:1b96bfe2c4bd825681b7d311ad6d9b7280a091f43e8f63da5729638083cd3bfb"},
    {file = "cffi-2.1.0-cp314-cp314-win_arm64.whl", hash = "sha256:7d28dff1db6764108bc30788d85d61c876beff416d9a49cb9dd7c5a9f34f5804"},
    {file = "cffi-2.1.0-cp314-cp314t-macosx_10_15_x86_64.whl", hash = "sha256:7ea6b3e2c4250ff1de21c630fe72d0f63eb95c2c32ffbf64a358cf4a8836d714"},
    {file = "cffi-2.1.0-cp314-cp314t-macosx_11_0_arm64.whl", hash = "sha256:6af371f3767faeffc6ac1ef57cdfd25844403e9d3f476c5537caee499de96376"},
    {file = "cffi-2.1.0-cp314-cp314t-manylinux2014_aarch64.manylinux_2_17_aarch64.whl", hash = "sha256:eb4e8997a49aa2c08a3e43c9045d224448b8941d88e7ac163c7d383e560cbf98"},
    {file = "cffi-2.1.0-cp314-cp314t-manylinux2014_ppc64le.manylinux_2_17_ppc64le.whl", hash = "sha256:bf01d8c84cbea96b944c73b22182e6c7c432b3475632b8111dbfdc95ddad6e13"},
    {file = "cffi-2.1.0-cp314-cp314t-manylinux2014_s390x.manylinux_2_17_s390x.whl", hash = "sha256:33eb1ad83ebe8f313e0df035c406227d55a79456704a863fad9842136af5ad7d"},
    {file = "cffi-2.1.0-cp314-cp314t-manylinux2014_x86_64.manylinux_2_17_x86_64.whl", hash = "sha256:ac0f1a2d0cfa7eea3f2aaf006ab6e70e8feeb16b75d65b7e5939982ca2f11056"},
    {file = "cffi-2.1.0-cp314-cp314t-musllinux_1_2_aarch64.whl", hash = "sha256:c16914df9fb7f500e440e6875fa23ff5e0b31db01fa9c06af98d59a91f0dc2e4"},
    {file = "cffi-2.1.0-cp314-cp314t-musllinux_1_2_x86_64.whl", hash = "sha256:5ecbd0499275d57506d397eebe1981cee87b47fcd9ef5c22cab7ed7644a39a94"},
    {file = "cffi-2.1.0-cp314-cp314t-win32.whl", hash = "sha256:7d034dcffa09e9a46c93fa3a3be402096cb5354ac6e41ab8e5cc9cd8b642ad76"},
    {file = "cffi-2.1.0-cp314-cp314t-win_amd64.whl", hash = "sha256:0582a58f3051372229ca8e7f5f589f9e5632678208d8636fea3676711fdf7fe5"},
    {file = "cffi-2.1.0-cp314-cp314t-win_arm64.whl", hash = "sha256:510aeeeac94811b138077451da1fb18b308a5feab47dd2b603af55804155e1c8"},
    {file = "cffi-2.1.0-cp315-cp315-ios_13_0_arm64_iphoneos.whl", hash = "sha256:2e9dabb9abcb7ad15938c7196ad5c1718a4e6d33cc79b4c0209bdb64c4a54a5c"},
    {file = "cffi-2.1.0-cp315-cp315-ios_13_0_arm64_iphonesimulator.whl", hash = "sha256:37f525a7e7e50c017fdebe58b787be310ad59357ae43a053943a6e1a6c526001"},
    {file = "cffi-2.1.0-cp315-cp315-macosx_10_15_x86_64.whl", hash = "sha256:95f2954c2c9473d892eca6e0409f3568b37ab62a8eedb122461f73cc273476e3"},
    {file = "cffi-2.1.0-cp315-cp315-macosx_11_0_arm64.whl", hash = "sha256:cdf2448aab5f661c9315308ec8b93f4e8a1a67a3c733f8631067a2b67d5913dc"},
    {file = "cffi-2.1.0-cp315-cp315-manylinux2014_aarch64.manylinux_2_17_aarch64.whl", hash = "sha256:90bec57cf82089383bd06a605b3eb8daebf7e5a668520beaf6e327a83a947699"},
    {file = "cffi-2.1.0-cp315-cp315-manylinux2014_ppc64le.manylinux_2_17_ppc64le.whl", hash = "sha256:6274dcb2d15cef48daa73ed1be5a40d501d74dccd0cd6db364776d12cb6ba022"},
    {file = "cffi-2.1.0-cp315-cp315-manylinux2014_s390x.manylinux_2_17_s390x.whl", hash = "sha256:2b71d409cccee78310ab5dec549aed052aaea483346e282c7b02362596e01bb0"},
    {file = "cffi-2.1.0-cp315-cp315-manylinux2014_x86_64.manylinux_2_17_x86_64.whl", hash = "sha256:7d3538f9c0e50670f4deb93dbb696576e60590369cae2faf7de681e597a8a1f1"},
    {file = "cffi-2.1.0-cp315-cp315-musllinux_1_2_aarch64.whl", hash = "sha256:8f9ec95b8a043d3dfbc74d9abc6f7baf524dd27a8dc160b0a32ff9cdab650c28"},
    {file = "cffi-2.1.0-cp315-cp315-musllinux_1_2_x86_64.whl", hash = "sha256:af5e2915d41fe6c961694d7bfdc8562942638200f3ce2765dfb8b745cf997629"},
    {file = "cffi-2.1.0-cp315-cp315-win32.whl", hash = "sha256:0a42c688d19fca6e095a53c6a6e2295a5b050a8b289f109adab02a9e61a25de6"},
    {file = "cffi-2.1.0-cp315-cp315-win_amd64.whl", hash = "sha256:bccbbb5ee76a61f9d99b5bf3846a51d7fca4b6a732fe46f89295610edaf41853"},
    {file = "cffi-2.1.0-cp315-cp315-win_arm64.whl", hash = "sha256:8d35c139744adb3e727cd51b1a18324bbe44b8bd41bf8322bca4d41289f48eda"},
    {file = "cffi-2.1.0-cp315-cp315t-macosx_10_15_x86_64.whl", hash = "sha256:f9912624a0c0b834b7520d7769b3644453aabc0a7e1c839da7359f050750e9bc"},
    {file = "cffi-2.1.0-cp315-cp315t-macosx_11_0_arm64.whl", hash = "sha256:df92f2aba50eb4d96718b68ef76f2e57a57b54f2fa62333496d16c6d585a85ca"},
    {file = "cffi-2.1.0-cp315-cp315t-manylinux2014_aarch64.manylinux_2_17_aarch64.whl", hash = "sha256:0520e1f4c35f44e209cbbb421b67eec42e6a157f59444dfb6058874ff3610e5d"},
    {file = "cffi-2.1.0-cp315-cp315t-manylinux2014_ppc64le.manylinux_2_17_ppc64le.whl", hash = "sha256:3681e031db29958a7502f5c0c9d6bbc4c36cb20f7b104086fa642d1799631ff8"},
    {file = "cffi-2.1.0-cp315-cp315t-manylinux2014_s390x.manylinux_2_17_s390x.whl", hash = "sha256:762f99479dcb369f60ab9017ad4ab97a36a1dd7c1ee5a3b15db0f4b8659120cd"},
    {file = "cffi-2.1.0-cp315-cp315t-manylinux2014_x86_64.manylinux_2_17_x86_64.whl", hash = "sha256:0611e7ebf90573a535ebdc33ae9da222d037853983e13359f580fab781ca017f"},
    {file = "cffi-2.1.0-cp315-cp315t-musllinux_1_2_aarch64.whl", hash = "sha256:86cf8755a791f72c85dc287128cc62d4f24d392e3f1e15837245623f4a33cccc"},
    {file = "cffi-2.1.0-cp315-cp315t-musllinux_1_2_x86_64.whl", hash = "sha256:ba00f661f8ba35d075c937174e27c2c421cec3942fd2e0ea3e66996757c0fdd9"},
    {file = "cffi-2.1.0-cp315-cp315t-win32.whl", hash = "sha256:cb96698e3c7413d906ce83f8ffd245ec1bd94707541f299d0ce4d6b0193e982b"},
    {file = "cffi-2.1.0-cp315-cp315t-win_amd64.whl", hash = "sha256:f146d154428a2523f9cc7936c02353c2459b8f6cf07d3cd1ee1c0a611109c5d5"},
    {file = "cffi-2.1.0-cp315-cp315t-win_arm64.whl", hash = "sha256:cbb7640ce37159548d2147b5b8c241f962143d4c71231431820783f4dc78f210"},
    {file = "cffi-2.1.0.tar.gz", hash = "sha256:efc1cdd798b1aaf39b4610bba7aad28c9bea9b910f25c784ccf9ec1fa719d1f9"},
]

[[package]]
name = "charset-normalizer"
version = "3.4.7"
requires_python = ">=3.7"
summary = "The Real First Universal Charset Detector. Open, modern and actively maintained alternative to Chardet."
groups = ["default"]
files = [
    {file = "charset_normalizer-3.4.7-cp314-cp314-macosx_10_15_universal2.whl", hash = "sha256:c36c333c39be2dbca264d7803333c896ab8fa7d4d6f0ab7edb7dfd7aea6e98c0"},
    {file = "charset_normalizer-3.4.7-cp314-cp314-manylinux2014_aarch64.manylinux_2_17_aarch64.manylinux_2_28_aarch64.whl", hash = "sha256:1c2aed2e5e41f24ea8ef1590b8e848a79b56f3a5564a65ceec43c9d692dc7d8a"},
    {file = "charset_normalizer-3.4.7-cp314-cp314-manylinux2014_ppc64le.manylinux_2_17_ppc64le.manylinux_2_28_ppc64le.whl", hash = "sha256:54523e136b8948060c0fa0bc7b1b50c32c186f2fceee897a495406bb6e311d2b"},
    {file = "charset_normalizer-3.4.7-cp314-cp314-manylinux2014_s390x.manylinux_2_17_s390x.manylinux_2_28_s390x.whl", hash = "sha256:715479b9a2802ecac752a3b0efa2b0b60285cf962ee38414211abdfccc233b41"},
    {file = "charset_normalizer-3.4.7-cp314-cp314-manylinux2014_x86_64.manylinux_2_17_x86_64.manylinux_2_28_x86_64.whl", hash = "sha256:bd6c2a1c7573c64738d716488d2cdd3c00e340e4835707d8fdb8dc1a66ef164e"},
    {file = "charset_normalizer-3.4.7-cp314-cp314-manylinux_2_31_armv7l.whl", hash = "sha256:c45e9440fb78f8ddabcf714b68f936737a121355bf59f3907f4e17721b9d1aae"},
    {file = "charset_normalizer-3.4.7-cp314-cp314-manylinux_2_31_riscv64.manylinux_2_39_riscv64.whl", hash = "sha256:3534e7dcbdcf757da6b85a0bbf5b6868786d5982dd959b065e65481644817a18"},
    {file = "charset_normalizer-3.4.7-cp314-cp314-musllinux_1_2_aarch64.whl", hash = "sha256:e8ac484bf18ce6975760921bb6148041faa8fef0547200386ea0b52b5d27bf7b"},
    {file = "charset_normalizer-3.4.7-cp314-cp314-musllinux_1_2_armv7l.whl", hash = "sha256:a5fe03b42827c13cdccd08e6c0247b6a6d4b5e3cdc53fd1749f5896adcdc2356"},
    {file = "charset_normalizer-3.4.7-cp314-cp314-musllinux_1_2_ppc64le.whl", hash = "sha256:2d6eb928e13016cea4f1f21d1e10c1cebd5a421bc57ddf5b1142ae3f86824fab"},
    {file = "charset_normalizer-3.4.7-cp314-cp314-musllinux_1_2_riscv64.whl", hash = "sha256:e74327fb75de8986940def6e8dee4f127cc9752bee7355bb323cc5b2659b6d46"},
    {file = "charset_normalizer-3.4.7-cp314-cp314-musllinux_1_2_s390x.whl", hash = "sha256:d6038d37043bced98a66e68d3aa2b6a35505dc01328cd65217cefe82f25def44"},
    {file = "charset_normalizer-3.4.7-cp314-cp314-musllinux_1_2_x86_64.whl", hash = "sha256:7579e913a5339fb8fa133f6bbcfd8e6749696206cf05acdbdca71a1b436d8e72"},
    {file = "charset_normalizer-3.4.7-cp314-cp314-win32.whl", hash = "sha256:5b77459df20e08151cd6f8b9ef8ef1f961ef73d85c21a555c7eed5b79410ec10"},
    {file = "charset_normalizer-3.4.7-cp314-cp314-win_amd64.whl", hash = "sha256:92a0a01ead5e668468e952e4238cccd7c537364eb7d851ab144ab6627dbbe12f"},
    {file = "charset_normalizer-3.4.7-cp314-cp314-win_arm64.whl", hash = "sha256:67f6279d125ca0046a7fd386d01b311c6363844deac3e5b069b514ba3e63c246"},
    {file = "charset_normalizer-3.4.7-cp314-cp314t-macosx_10_15_universal2.whl", hash = "sha256:effc3f449787117233702311a1b7d8f59cba9ced946ba727bdc329ec69028e24"},
    {file = "charset_normalizer-3.4.7-cp314-cp314t-manylinux2014_aarch64.manylinux_2_17_aarch64.manylinux_2_28_aarch64.whl", hash = "sha256:fbccdc05410c9ee21bbf16a35f4c1d16123dcdeb8a1d38f33654fa21d0234f79"},
    {file = "charset_normalizer-3.4.7-cp314-cp314t-manylinux2014_ppc64le.manylinux_2_17_ppc64le.manylinux_2_28_ppc64le.whl", hash = "sha256:733784b6d6def852c814bce5f318d25da2ee65dd4839a0718641c696e09a2960"},
    {file = "charset_normalizer-3.4.7-cp314-cp314t-manylinux2014_s390x.manylinux_2_17_s390x.manylinux_2_28_s390x.whl", hash = "sha256:a89c23ef8d2c6b27fd200a42aa4ac72786e7c60d40efdc76e6011260b6e949c4"},
    {file = "charset_normalizer-3.4.7-cp314-cp314t-manylinux2014_x86_64.manylinux_2_17_x86_64.manylinux_2_28_x86_64.whl", hash = "sha256:6c114670c45346afedc0d947faf3c7f701051d2518b943679c8ff88befe14f8e"},
    {file = "charset_normalizer-3.4.7-cp314-cp314t-manylinux_2_31_armv7l.whl", hash = "sha256:a180c5e59792af262bf263b21a3c49353f25945d8d9f70628e73de370d55e1e1"},
    {file = "charset_normalizer-3.4.7-cp314-cp314t-manylinux_2_31_riscv64.manylinux_2_39_riscv64.whl", hash = "sha256:3c9a494bc5ec77d43cea229c4f6db1e4d8fe7e1bbffa8b6f0f0032430ff8ab44"},
    {file = "charset_normalizer-3.4.7-cp314-cp314t-musllinux_1_2_aarch64.whl", hash = "sha256:8d828b6667a32a728a1ad1d93957cdf37489c57b97ae6c4de2860fa749b8fc1e"},
    {file = "charset_normalizer-3.4.7-cp314-cp314t-musllinux_1_2_armv7l.whl", hash = "sha256:cf1493cd8607bec4d8a7b9b004e699fcf8f9103a9284cc94962cb73d20f9d4a3"},
    {file = "charset_normalizer-3.4.7-cp314-cp314t-musllinux_1_2_ppc64le.whl", hash = "sha256:0c96c3b819b5c3e9e165495db84d41914d6894d55181d2d108cc1a69bfc9cce0"},
    {file = "charset_normalizer-3.4.7-cp314-cp314t-musllinux_1_2_riscv64.whl", hash = "sha256:752a45dc4a6934060b3b0dab47e04edc3326575f82be64bc4fc293914566503e"},
    {file = "charset_normalizer-3.4.7-cp314-cp314t-musllinux_1_2_s390x.whl", hash = "sha256:8778f0c7a52e56f75d12dae53ae320fae900a8b9b4164b981b9c5ce059cd1fcb"},
    {file = "charset_normalizer-3.4.7-cp314-cp314t-musllinux_1_2_x86_64.whl", hash = "sha256:ce3412fbe1e31eb81ea42f4169ed94861c56e643189e1e75f0041f3fe7020abe"},
    {file = "charset_normalizer-3.4.7-cp314-cp314t-win32.whl", hash = "sha256:c03a41a8784091e67a39648f70c5f97b5b6a37f216896d44d2cdcb82615339a0"},
    {file = "charset_normalizer-3.4.7-cp314-cp314t-win_amd64.whl", hash = "sha256:03853ed82eeebbce3c2abfdbc98c96dc205f32a79627688ac9a27370ea61a49c"},
    {file = "charset_normalizer-3.4.7-cp314-cp314t-win_arm64.whl", hash = "sha256:c35abb8bfff0185efac5878da64c45dafd2b37fb0383add1be155a763c1f083d"},
    {file = "charset_normalizer-3.4.7-py3-none-any.whl", hash = "sha256:3dce51d0f5e7951f8bb4900c257dad282f49190fdbebecd4ba99bcc41fef404d"},
    {file = "charset_normalizer-3.4.7.tar.gz", hash = "sha256:ae89db9e5f98a11a4bf50407d4363e7b09b31e55bc117b4f7d80aab97ba009e5"},
]

[[package]]
name = "cloudinary"
version = "1.44.2"
summary = "Python and Django SDK for Cloudinary"
groups = ["default"]
dependencies = [
    "certifi",
    "six",
    "urllib3>=1.26.5",
]
files = [
    {file = "cloudinary-1.44.2-py3-none-any.whl", hash = "sha256:6624d06014c33f50c0c9e740fde1dfe4579d03311025d8bb7183824b7443aa09"},
    {file = "cloudinary-1.44.2.tar.gz", hash = "sha256:bc9139c68f2ef6996ba62a5d0300e63c711d4f6564644c0c82aa31bf641ef3c7"},
]

[[package]]
name = "cryptography"
version = "49.0.0"
requires_python = "!=3.9.0,!=3.9.1,>=3.9"
summary = "cryptography is a package which provides cryptographic recipes and primitives to Python developers."
groups = ["default"]
marker = "python_version >= \"3.14\""
dependencies = [
    "cffi>=2.0.0; platform_python_implementation != \"PyPy\"",
    "typing-extensions>=4.13.2; python_full_version < \"3.11\"",
]
files = [
    {file = "cryptography-49.0.0-cp311-abi3-macosx_11_0_arm64.whl", hash = "sha256:966fe0e9c67490071f14c0d2b1cb2dfb3023c5ce39457343931415f08382f2db"},
    {file = "cryptography-49.0.0-cp311-abi3-manylinux2014_aarch64.manylinux_2_17_aarch64.whl", hash = "sha256:36d1709f992593689b45bda411498d62c6e365f2ca00b84657d4dadd24de16db"},
    {file = "cryptography-49.0.0-cp311-abi3-manylinux2014_x86_64.manylinux_2_17_x86_64.whl", hash = "sha256:0e959b578856a3924bc0cbb710fc12c387b9412a951389f3ca61704a9e25f325"},
    {file = "cryptography-49.0.0-cp311-abi3-manylinux_2_28_aarch64.whl", hash = "sha256:53ecee2e23f7169b6117e99fc8a944e5e50f79e69758a83b52a00cb98ab2b2d2"},
    {file = "cryptography-49.0.0-cp311-abi3-manylinux_2_28_ppc64le.whl", hash = "sha256:2eda353d8a27bcbcaa4cbed18994a74ab4d19a2ca897db188ea269ab9b71419b"},
    {file = "cryptography-49.0.0-cp311-abi3-manylinux_2_28_x86_64.whl", hash = "sha256:2afe9051da7ae7bd5905da5a949280c7d2bb75682e188f650a9d0f2756b834c6"},
    {file = "cryptography-49.0.0-cp311-abi3-manylinux_2_31_armv7l.whl", hash = "sha256:0b82e28ee398a386f0807bba7884d30f25218855690f45115831bcce5d90822c"},
    {file = "cryptography-49.0.0-cp311-abi3-manylinux_2_34_aarch64.whl", hash = "sha256:ccac2bfebc306b862133e3bb71f3f6ee8bb525240089b2d952e4144b3a6d5da7"},
    {file = "cryptography-49.0.0-cp311-abi3-manylinux_2_34_ppc64le.whl", hash = "sha256:d0527ce944105f257f605a827d6ebead966c752038b6e8656abb9c5edee6fc68"},
    {file = "cryptography-49.0.0-cp311-abi3-manylinux_2_34_x86_64.whl", hash = "sha256:cbc77da8c523d5abd028635ba850a6966fcee2c82e2bf65a41d1d8afe0f98be9"},
    {file = "cryptography-49.0.0-cp311-abi3-musllinux_1_2_aarch64.whl", hash = "sha256:b87e65d263b3e5d3bb92a57e2a6638e2f31110fa7aa890c7b2dbba42248d0a3f"},
    {file = "cryptography-49.0.0-cp311-abi3-musllinux_1_2_x86_64.whl", hash = "sha256:66ec79c3904820572d7e987abdf304281f141d37ad9a489b8e97066e7b9b6459"},
    {file = "cryptography-49.0.0-cp311-abi3-win_amd64.whl", hash = "sha256:e5dfc1e64de5677cec922ffa8da89c546d0415bf6efdf081842e5d44c84e1f0e"},
    {file = "cryptography-49.0.0-cp314-cp314t-macosx_11_0_arm64.whl", hash = "sha256:73a205dce83953d131a4aa1e0fd917a2fd1c5b1eef251e9d7152efefcbf5caf7"},
    {file = "cryptography-49.0.0-cp314-cp314t-manylinux2014_aarch64.manylinux_2_17_aarch64.whl", hash = "sha256:196ecd6a36e4e9aa10270393bb98d8df88fccee0bf1e5128b91ae4eb4375896d"},
    {file = "cryptography-49.0.0-cp314-cp314t-manylinux2014_x86_64.manylinux_2_17_x86_64.whl", hash = "sha256:7abcee80084cda3f7691f3eb1ce480d8df49cec637b429aa35986c1de71738aa"},
    {file = "cryptography-49.0.0-cp314-cp314t-manylinux_2_28_aarch64.whl", hash = "sha256:4ae387c9cb68ea569ca17e490d66d8142b81c3cc814bf179974b7d146e490bbb"},
    {file = "cryptography-49.0.0-cp314-cp314t-manylinux_2_28_ppc64le.whl", hash = "sha256:f37d847238971164fdbc68ade6f6574aecc9c0af714190e2083429ff68f4ce9d"},
    {file = "cryptography-49.0.0-cp314-cp314t-manylinux_2_28_x86_64.whl", hash = "sha256:c2bc30226390d60ea19d9f82b19db005fe0452154a23c1c410c12ea801e43561"},
    {file = "cryptography-49.0.0-cp314-cp314t-manylinux_2_31_armv7l.whl", hash = "sha256:07cab27cc7b7e0fd28e5e26bb9eeedde5c135c868b46de4a27845abe94af6122"},
    {file = "cryptography-49.0.0-cp314-cp314t-manylinux_2_34_aarch64.whl", hash = "sha256:b20133d204d2bb56ba047642199603876c872026ca53e79c35b83772ab2cc505"},
    {file = "cryptography-49.0.0-cp314-cp314t-manylinux_2_34_ppc64le.whl", hash = "sha256:b970c6da94d5bb18629db453d14f2a1300f6bf59b61e9b82377931ef95504866"},
    {file = "cryptography-49.0.0-cp314-cp314t-manylinux_2_34_x86_64.whl", hash = "sha256:d8ecde755e2e91bf773fc94e8c9d730cd7f2007004cb492263a794ec3899a1c8"},
    {file = "cryptography-49.0.0-cp314-cp314t-musllinux_1_2_aarch64.whl", hash = "sha256:e3fb64c420688e5319ae25113a354015abbd8dffbfbc41781a1ea66fc7622ac3"},
    {file = "cryptography-49.0.0-cp314-cp314t-musllinux_1_2_x86_64.whl", hash = "sha256:32703d93296f5c1f4b53349ad3a250c2cae0fdecd3a3dd5d47e616d8d616af27"},
    {file = "cryptography-49.0.0-cp314-cp314t-win_amd64.whl", hash = "sha256:33cd0565932807baddb67b96dbee92f2c374b5c89dee09fd74079aeb8c8dba61"},
    {file = "cryptography-49.0.0-cp39-abi3-macosx_11_0_arm64.whl", hash = "sha256:ec5e529fb80935c94fe7b729f9972b50e351a0e6b50aa294fd5cabb109fcc29a"},
    {file = "cryptography-49.0.0-cp39-abi3-manylinux2014_aarch64.manylinux_2_17_aarch64.whl", hash = "sha256:f78ff2c9ed8dc2d036b0f4d640e22522213d047c1b14e61205a7e55c80a494d4"},
    {file = "cryptography-49.0.0-cp39-abi3-manylinux2014_x86_64.manylinux_2_17_x86_64.whl", hash = "sha256:35b151772baff2c74cba7fa290ceaff4c3b11c0c881eb93eb5dbc05a7cfbba18"},
    {file = "cryptography-49.0.0-cp39-abi3-manylinux_2_28_aarch64.whl", hash = "sha256:0f21641cf4b30fca7aee061ced0ec7ad7b073518088b7c9969a297c0ae796c69"},
    {file = "cryptography-49.0.0-cp39-abi3-manylinux_2_28_ppc64le.whl", hash = "sha256:9e82dcc8e56052715fb18b2429e3bca4823b1629136a2084fc45a9a5cecb9b64"},
    {file = "cryptography-49.0.0-cp39-abi3-manylinux_2_28_x86_64.whl", hash = "sha256:6f2debedf9ca60cf1d5bd466475638af5130f89965605cd818484d19987d3a21"},
    {file = "cryptography-49.0.0-cp39-abi3-manylinux_2_31_armv7l.whl", hash = "sha256:8c25ceb16df5b9435f3f6a9829204985b0e0cbee3b48aacd432c7d2c850b44d9"},
    {file = "cryptography-49.0.0-cp39-abi3-manylinux_2_34_aarch64.whl", hash = "sha256:28d8b15e6275f12c8a207dc309dfa957903c927d08d0cc937ee3f63f200693cc"},
    {file = "cryptography-49.0.0-cp39-abi3-manylinux_2_34_ppc64le.whl", hash = "sha256:6fc361c34fb6aac015ce19435876635e5c6d21db31998b0920f675f131e043b8"},
    {file = "cryptography-49.0.0-cp39-abi3-manylinux_2_34_x86_64.whl", hash = "sha256:2400ef9c9e2299a25614eb1dea3db54a69b1349efd043bfac9c67630d136df36"},
    {file = "cryptography-49.0.0-cp39-abi3-musllinux_1_2_aarch64.whl", hash = "sha256:67e1d20ad9ef3a563c59ef22e7a8a0b8210bd26604369ea4a30a7c66aefe504e"},
    {file = "cryptography-49.0.0-cp39-abi3-musllinux_1_2_x86_64.whl", hash = "sha256:42b0684e0e40cf26122427802486f6d93aea593612603a94fbf260c7eb1e9c1b"},
    {file = "cryptography-49.0.0-cp39-abi3-win_amd64.whl", hash = "sha256:026ac7423e6fa66872d3bf889be5974507da3944f866f704fa200eadacd00001"},
    {file = "cryptography-49.0.0.tar.gz", hash = "sha256:f89660a348f4f78a92366240a61404e337586ef7f5909a2fef59ca88ef505493"},
]

[[package]]
name = "dj-database-url"
version = "3.1.2"
requires_python = ">=3.10"
summary = "Use Database URLs in your Django Application."
groups = ["default"]
dependencies = [
    "django>=4.2",
]
files = [
    {file = "dj_database_url-3.1.2-py3-none-any.whl", hash = "sha256:544e015fee3efa5127a1eb1cca465f4ace578265b3671fe61d0ed7dbafb5ec8a"},
    {file = "dj_database_url-3.1.2.tar.gz", hash = "sha256:63c20e4bbaa51690dfd4c8d189521f6bf6bc9da9fcdb23d95d2ee8ee87f9ec62"},
]

[[package]]
name = "django"
version = "6.0.6"
requires_python = ">=3.12"
summary = "A high-level Python web framework that encourages rapid development and clean, pragmatic design."
groups = ["default"]
dependencies = [
    "asgiref>=3.9.1",
    "sqlparse>=0.5.0",
    "tzdata; sys_platform == \"win32\"",
]
files = [
    {file = "django-6.0.6-py3-none-any.whl", hash = "sha256:25148b1194c47c2e685e5f5e9c5d59c78b075dfd282cb9618861ba6c1708f4d2"},
    {file = "django-6.0.6.tar.gz", hash = "sha256:ad03916ba59523d781ae5c3f631960c23d69a9d9c43cecda52fc23b47e953713"},
]

[[package]]
name = "django-cloudinary-storage"
version = "0.3.0"
summary = "Django package that provides Cloudinary storages for both media and static files as well as management commands for removing unnecessary files."
groups = ["default"]
dependencies = [
    "cloudinary>=1.4.0",
    "requests>=2.10.0",
]
files = [
    {file = "django-cloudinary-storage-0.3.0.tar.gz", hash = "sha256:debd403a5f225c9d35c4af508ff4abc7fdc262129464134b60b2feeb2c44d3e1"},
    {file = "django_cloudinary_storage-0.3.0-py3-none-any.whl", hash = "sha256:95c855c7334141b2a485ea7eb5716de87bb6ce0d848e205debb3a3ab7bbbd49a"},
]

[[package]]
name = "django-cors-headers"
version = "4.9.0"
requires_python = ">=3.9"
summary = "django-cors-headers is a Django application for handling the server headers required for Cross-Origin Resource Sharing (CORS)."
groups = ["default"]
dependencies = [
    "asgiref>=3.6",
    "django>=4.2",
]
files = [
    {file = "django_cors_headers-4.9.0-py3-none-any.whl", hash = "sha256:15c7f20727f90044dcee2216a9fd7303741a864865f0c3657e28b7056f61b449"},
    {file = "django_cors_headers-4.9.0.tar.gz", hash = "sha256:fe5d7cb59fdc2c8c646ce84b727ac2bca8912a247e6e68e1fb507372178e59e8"},
]

[[package]]
name = "django-environ"
version = "0.13.0"
requires_python = "<4,>=3.9"
summary = "A package that allows you to utilize 12factor inspired environment variables to configure your Django application."
groups = ["default"]
files = [
    {file = "django_environ-0.13.0-py3-none-any.whl", hash = "sha256:37799d14cd78222c6fd8298e48bfe17965ff8e586091ad66a463e52e0e7b799e"},
    {file = "django_environ-0.13.0.tar.gz", hash = "sha256:6c401e4c219442c2c4588c2116d5292b5484a6f69163ed09cd41f3943bfb645f"},
]

[[package]]
name = "django-filter"
version = "25.2"
requires_python = ">=3.10"
summary = "Django-filter is a reusable Django application for allowing users to filter querysets dynamically."
groups = ["default"]
dependencies = [
    "Django>=5.2",
]
files = [
    {file = "django_filter-25.2-py3-none-any.whl", hash = "sha256:9c0f8609057309bba611062fe1b720b4a873652541192d232dd28970383633e3"},
    {file = "django_filter-25.2.tar.gz", hash = "sha256:760e984a931f4468d096f5541787efb8998c61217b73006163bf2f9523fe8f23"},
]

[[package]]
name = "djangorestframework"
version = "3.17.1"
requires_python = ">=3.10"
summary = "Web APIs for Django, made easy."
groups = ["default"]
dependencies = [
    "django>=4.2",
]
files = [
    {file = "djangorestframework-3.17.1-py3-none-any.whl", hash = "sha256:c3c74dd3e83a5a3efc37b3c18d92bd6f86a6791c7b7d4dff62bb068500e76457"},
    {file = "djangorestframework-3.17.1.tar.gz", hash = "sha256:a6def5f447fe78ff853bff1d47a3c59bf38f5434b031780b351b0c73a62db1a5"},
]

[[package]]
name = "djangorestframework-simplejwt"
version = "5.5.1"
requires_python = ">=3.9"
summary = "A minimal JSON Web Token authentication plugin for Django REST Framework"
groups = ["default"]
dependencies = [
    "django>=4.2",
    "djangorestframework>=3.14",
    "pyjwt>=1.7.1",
]
files = [
    {file = "djangorestframework_simplejwt-5.5.1-py3-none-any.whl", hash = "sha256:2c30f3707053d384e9f315d11c2daccfcb548d4faa453111ca19a542b732e469"},
    {file = "djangorestframework_simplejwt-5.5.1.tar.gz", hash = "sha256:e72c5572f51d7803021288e2057afcbd03f17fe11d484096f40a460abc76e87f"},
]

[[package]]
name = "google-auth"
version = "2.56.0"
requires_python = ">=3.10"
summary = "Google Authentication Library"
groups = ["default"]
dependencies = [
    "cryptography>=38.0.3; python_version < \"3.14\"",
    "cryptography>=41.0.5; python_version >= \"3.14\"",
    "pyasn1-modules>=0.2.1",
]
files = [
    {file = "google_auth-2.56.0-py3-none-any.whl", hash = "sha256:6e88c10217e07a92bfd01cac8ee99e32ccfb08414c3102e6c5b8d58f37a0d1e0"},
    {file = "google_auth-2.56.0.tar.gz", hash = "sha256:f90fa030b569a92654b9d690665a073841df33d57487be53db583a9a0867a553"},
]

[[package]]
name = "gunicorn"
version = "26.0.0"
requires_python = ">=3.10"
summary = "WSGI HTTP Server for UNIX"
groups = ["default"]
dependencies = [
    "packaging",
]
files = [
    {file = "gunicorn-26.0.0-py3-none-any.whl", hash = "sha256:40233d26a5f0d1872916188c276e21641155111c2853f0c2cd55260aec0d24fc"},
    {file = "gunicorn-26.0.0.tar.gz", hash = "sha256:ca9346f85e3a4aeeb64d491045c16b9a35647abd37ea15efe53080eb8b090baf"},
]

[[package]]
name = "idna"
version = "3.18"
requires_python = ">=3.9"
summary = "Internationalized Domain Names in Applications (IDNA)"
groups = ["default"]
files = [
    {file = "idna-3.18-py3-none-any.whl", hash = "sha256:7f952cbe720b688055e3f87de14f5c3e5fdaa8bc3928985c4077ca689de849a2"},
    {file = "idna-3.18.tar.gz", hash = "sha256:ffb385a7e039654cef1ab9ef32c6fafe283c0c0467bba1d9029738ce4a14a848"},
]

[[package]]
name = "packaging"
version = "26.2"
requires_python = ">=3.8"
summary = "Core utilities for Python packages"
groups = ["default"]
files = [
    {file = "packaging-26.2-py3-none-any.whl", hash = "sha256:5fc45236b9446107ff2415ce77c807cee2862cb6fac22b8a73826d0693b0980e"},
    {file = "packaging-26.2.tar.gz", hash = "sha256:ff452ff5a3e828ce110190feff1178bb1f2ea2281fa2075aadb987c2fb221661"},
]

[[package]]
name = "pillow"
version = "12.2.0"
requires_python = ">=3.10"
summary = "Python Imaging Library (fork)"
groups = ["default"]
files = [
    {file = "pillow-12.2.0-cp314-cp314-ios_13_0_arm64_iphoneos.whl", hash = "sha256:3adc9215e8be0448ed6e814966ecf3d9952f0ea40eb14e89a102b87f450660d8"},
    {file = "pillow-12.2.0-cp314-cp314-ios_13_0_arm64_iphonesimulator.whl", hash = "sha256:6a9adfc6d24b10f89588096364cc726174118c62130c817c2837c60cf08a392b"},
    {file = "pillow-12.2.0-cp314-cp314-ios_13_0_x86_64_iphonesimulator.whl", hash = "sha256:6a6e67ea2e6feda684ed370f9a1c52e7a243631c025ba42149a2cc5934dec295"},
    {file = "pillow-12.2.0-cp314-cp314-macosx_10_15_x86_64.whl", hash = "sha256:2bb4a8d594eacdfc59d9e5ad972aa8afdd48d584ffd5f13a937a664c3e7db0ed"},
    {file = "pillow-12.2.0-cp314-cp314-macosx_11_0_arm64.whl", hash = "sha256:80b2da48193b2f33ed0c32c38140f9d3186583ce7d516526d462645fd98660ae"},
    {file = "pillow-12.2.0-cp314-cp314-manylinux2014_aarch64.manylinux_2_17_aarch64.whl", hash = "sha256:22db17c68434de69d8ecfc2fe821569195c0c373b25cccb9cbdacf2c6e53c601"},
    {file = "pillow-12.2.0-cp314-cp314-manylinux2014_x86_64.manylinux_2_17_x86_64.whl", hash = "sha256:7b14cc0106cd9aecda615dd6903840a058b4700fcb817687d0ee4fc8b6e389be"},
    {file = "pillow-12.2.0-cp314-cp314-manylinux_2_27_aarch64.manylinux_2_28_aarch64.whl", hash = "sha256:8cbeb542b2ebc6fcdacabf8aca8c1a97c9b3ad3927d46b8723f9d4f033288a0f"},
    {file = "pillow-12.2.0-cp314-cp314-manylinux_2_27_x86_64.manylinux_2_28_x86_64.whl", hash = "sha256:4bfd07bc812fbd20395212969e41931001fd59eb55a60658b0e5710872e95286"},
    {file = "pillow-12.2.0-cp314-cp314-musllinux_1_2_aarch64.whl", hash = "sha256:9aba9a17b623ef750a4d11b742cbafffeb48a869821252b30ee21b5e91392c50"},
    {file = "pillow-12.2.0-cp314-cp314-musllinux_1_2_x86_64.whl", hash = "sha256:deede7c263feb25dba4e82ea23058a235dcc2fe1f6021025dc71f2b618e26104"},
    {file = "pillow-12.2.0-cp314-cp314-win32.whl", hash = "sha256:632ff19b2778e43162304d50da0181ce24ac5bb8180122cbe1bf4673428328c7"},
    {file = "pillow-12.2.0-cp314-cp314-win_amd64.whl", hash = "sha256:4e6c62e9d237e9b65fac06857d511e90d8461a32adcc1b9065ea0c0fa3a28150"},
    {file = "pillow-12.2.0-cp314-cp314-win_arm64.whl", hash = "sha256:b1c1fbd8a5a1af3412a0810d060a78b5136ec0836c8a4ef9aa11807f2a22f4e1"},
    {file = "pillow-12.2.0-cp314-cp314t-macosx_10_15_x86_64.whl", hash = "sha256:57850958fe9c751670e49b2cecf6294acc99e562531f4bd317fa5ddee2068463"},
    {file = "pillow-12.2.0-cp314-cp314t-macosx_11_0_arm64.whl", hash = "sha256:d5d38f1411c0ed9f97bcb49b7bd59b6b7c314e0e27420e34d99d844b9ce3b6f3"},
    {file = "pillow-12.2.0-cp314-cp314t-manylinux2014_aarch64.manylinux_2_17_aarch64.whl", hash = "sha256:5c0a9f29ca8e79f09de89293f82fc9b0270bb4af1d58bc98f540cc4aedf03166"},
    {file = "pillow-12.2.0-cp314-cp314t-manylinux2014_x86_64.manylinux_2_17_x86_64.whl", hash = "sha256:1610dd6c61621ae1cf811bef44d77e149ce3f7b95afe66a4512f8c59f25d9ebe"},
    {file = "pillow-12.2.0-cp314-cp314t-manylinux_2_27_aarch64.manylinux_2_28_aarch64.whl", hash = "sha256:0a34329707af4f73cf1782a36cd2289c0368880654a2c11f027bcee9052d35dd"},
    {file = "pillow-12.2.0-cp314-cp314t-manylinux_2_27_x86_64.manylinux_2_28_x86_64.whl", hash = "sha256:8e9c4f5b3c546fa3458a29ab22646c1c6c787ea8f5ef51300e5a60300736905e"},
    {file = "pillow-12.2.0-cp314-cp314t-musllinux_1_2_aarch64.whl", hash = "sha256:fb043ee2f06b41473269765c2feae53fc2e2fbf96e5e22ca94fb5ad677856f06"},
    {file = "pillow-12.2.0-cp314-cp314t-musllinux_1_2_x86_64.whl", hash = "sha256:f278f034eb75b4e8a13a54a876cc4a5ab39173d2cdd93a638e1b467fc545ac43"},
    {file = "pillow-12.2.0-cp314-cp314t-win32.whl", hash = "sha256:6bb77b2dcb06b20f9f4b4a8454caa581cd4dd0643a08bacf821216a16d9c8354"},
    {file = "pillow-12.2.0-cp314-cp314t-win_amd64.whl", hash = "sha256:6562ace0d3fb5f20ed7290f1f929cae41b25ae29528f2af1722966a0a02e2aa1"},
    {file = "pillow-12.2.0-cp314-cp314t-win_arm64.whl", hash = "sha256:aa88ccfe4e32d362816319ed727a004423aab09c5cea43c01a4b435643fa34eb"},
    {file = "pillow-12.2.0.tar.gz", hash = "sha256:a830b1a40919539d07806aa58e1b114df53ddd43213d9c8b75847eee6c0182b5"},
]

[[package]]
name = "psycopg2-binary"
version = "2.9.12"
requires_python = ">=3.9"
summary = "psycopg2 - Python-PostgreSQL Database Adapter"
groups = ["default"]
files = [
    {file = "psycopg2_binary-2.9.12-cp314-cp314-macosx_10_15_x86_64.whl", hash = "sha256:6f3b3de8a74ef8db215f22edffb19e32dc6fa41340456de7ec99efdc8a7b3ec2"},
    {file = "psycopg2_binary-2.9.12-cp314-cp314-macosx_11_0_arm64.whl", hash = "sha256:1006fb62f0f0bc5ce256a832356c6262e91be43f5e4eb15b5eaf38079464caf2"},
    {file = "psycopg2_binary-2.9.12-cp314-cp314-manylinux2014_ppc64le.manylinux_2_17_ppc64le.whl", hash = "sha256:840066105706cd2eb29b9a1c2329620056582a4bf3e8169dec5c447042d0869f"},
    {file = "psycopg2_binary-2.9.12-cp314-cp314-manylinux2014_x86_64.manylinux_2_17_x86_64.whl", hash = "sha256:863f5d12241ebe1c76a72a04c2113b6dc905f90b9cef0e9be0efd994affd9354"},
    {file = "psycopg2_binary-2.9.12-cp314-cp314-manylinux_2_27_aarch64.manylinux_2_28_aarch64.whl", hash = "sha256:a99eaab34a9010f1a086b126de467466620a750634d114d20455f3a824aae033"},
    {file = "psycopg2_binary-2.9.12-cp314-cp314-manylinux_2_38_riscv64.manylinux_2_39_riscv64.whl", hash = "sha256:ffdd7dc5463ccd61845ac37b7012d0f35a1548df9febe14f8dd549be4a0bc81e"},
    {file = "psycopg2_binary-2.9.12-cp314-cp314-musllinux_1_2_aarch64.whl", hash = "sha256:54a0dfecab1b48731f934e06139dfe11e24219fb6d0ceb32177cf0375f14c7b5"},
    {file = "psycopg2_binary-2.9.12-cp314-cp314-musllinux_1_2_ppc64le.whl", hash = "sha256:96937c9c5d891f772430f418a7a8b4691a90c3e6b93cf72b5bd7cad8cbca32a5"},
    {file = "psycopg2_binary-2.9.12-cp314-cp314-musllinux_1_2_riscv64.whl", hash = "sha256:77b348775efd4cdab410ec6609d81ccecd1139c90265fa583a7255c8064bc03d"},
    {file = "psycopg2_binary-2.9.12-cp314-cp314-musllinux_1_2_x86_64.whl", hash = "sha256:527e6342b3e44c2f0544f6b8e927d60de7f163f5723b8f1dfa7d2a84298738cd"},
    {file = "psycopg2_binary-2.9.12-cp314-cp314-win_amd64.whl", hash = "sha256:f12ae41fcafadb39b2785e64a40f9db05d6de2ac114077457e0e7c597f3af980"},
    {file = "psycopg2_binary-2.9.12.tar.gz", hash = "sha256:5ac9444edc768c02a6b6a591f070b8aae28ff3a99be57560ac996001580f294c"},
]

[[package]]
name = "pyasn1"
version = "0.6.4"
requires_python = ">=3.8"
summary = "Pure-Python implementation of ASN.1 types and DER/BER/CER codecs (X.208)"
groups = ["default"]
files = [
    {file = "pyasn1-0.6.4-py3-none-any.whl", hash = "sha256:deda9277cfd454080ec40b207fb6df82206a3a2688735233cdcd8d3d565f088b"},
    {file = "pyasn1-0.6.4.tar.gz", hash = "sha256:9c447d8431c947fe4c8febc4ed9e760bc29011a5b01e5c74b67025bd9fb8ce81"},
]

[[package]]
name = "pyasn1-modules"
version = "0.4.2"
requires_python = ">=3.8"
summary = "A collection of ASN.1-based protocols modules"
groups = ["default"]
dependencies = [
    "pyasn1<0.7.0,>=0.6.1",
]
files = [
    {file = "pyasn1_modules-0.4.2-py3-none-any.whl", hash = "sha256:29253a9207ce32b64c3ac6600edc75368f98473906e8fd1043bd6b5b1de2c14a"},
    {file = "pyasn1_modules-0.4.2.tar.gz", hash = "sha256:677091de870a80aae844b1ca6134f54652fa2c8c5a52aa396440ac3106e941e6"},
]

[[package]]
name = "pycparser"
version = "3.0"
requires_python = ">=3.10"
summary = "C parser in Python"
groups = ["default"]
marker = "platform_python_implementation != \"PyPy\" and python_version >= \"3.14\" and implementation_name != \"PyPy\""
files = [
    {file = "pycparser-3.0-py3-none-any.whl", hash = "sha256:b727414169a36b7d524c1c3e31839a521725078d7b2ff038656844266160a992"},
    {file = "pycparser-3.0.tar.gz", hash = "sha256:600f49d217304a5902ac3c37e1281c9fe94e4d0489de643a9504c5cdfdfc6b29"},
]

[[package]]
name = "pyjwt"
version = "2.13.0"
requires_python = ">=3.9"
summary = "JSON Web Token implementation in Python"
groups = ["default"]
dependencies = [
    "typing-extensions>=4.0; python_version < \"3.11\"",
]
files = [
    {file = "pyjwt-2.13.0-py3-none-any.whl", hash = "sha256:66adcc2aff09b3f1bbd95fc1e1577df8ac8723c978552fd43304c8a290ac5728"},
    {file = "pyjwt-2.13.0.tar.gz", hash = "sha256:41571c89ca91598c79e8ef18a2d07367d4810fbbd6f637794879baf1b7703423"},
]

[[package]]
name = "python-dotenv"
version = "1.2.2"
requires_python = ">=3.10"
summary = "Read key-value pairs from a .env file and set them as environment variables"
groups = ["default"]
files = [
    {file = "python_dotenv-1.2.2-py3-none-any.whl", hash = "sha256:1d8214789a24de455a8b8bd8ae6fe3c6b69a5e3d64aa8a8e5d68e694bbcb285a"},
    {file = "python_dotenv-1.2.2.tar.gz", hash = "sha256:2c371a91fbd7ba082c2c1dc1f8bf89ca22564a087c2c287cd9b662adde799cf3"},
]

[[package]]
name = "requests"
version = "2.34.2"
requires_python = ">=3.10"
summary = "Python HTTP for Humans."
groups = ["default"]
dependencies = [
    "certifi>=2023.5.7",
    "charset-normalizer<4,>=2",
    "idna<4,>=2.5",
    "urllib3<3,>=1.26",
]
files = [
    {file = "requests-2.34.2-py3-none-any.whl", hash = "sha256:2a0d60c172f83ac6ab31e4554906c0f3b3588d37b5cb939b1c061f4907e278e0"},
    {file = "requests-2.34.2.tar.gz", hash = "sha256:f288924cae4e29463698d6d60bc6a4da69c89185ad1e0bcc4104f584e960b9ed"},
]

[[package]]
name = "six"
version = "1.17.0"
requires_python = "!=3.0.*,!=3.1.*,!=3.2.*,>=2.7"
summary = "Python 2 and 3 compatibility utilities"
groups = ["default"]
files = [
    {file = "six-1.17.0-py2.py3-none-any.whl", hash = "sha256:4721f391ed90541fddacab5acf947aa0d3dc7d27b2e1e8eda2be8970586c3274"},
    {file = "six-1.17.0.tar.gz", hash = "sha256:ff70335d468e7eb6ec65b95b99d3a2836546063f63acc5171de367e834932a81"},
]

[[package]]
name = "sqlparse"
version = "0.5.5"
requires_python = ">=3.8"
summary = "A non-validating SQL parser."
groups = ["default"]
files = [
    {file = "sqlparse-0.5.5-py3-none-any.whl", hash = "sha256:12a08b3bf3eec877c519589833aed092e2444e68240a3577e8e26148acc7b1ba"},
    {file = "sqlparse-0.5.5.tar.gz", hash = "sha256:e20d4a9b0b8585fdf63b10d30066c7c94c5d7a7ec47c889a2d83a3caa93ff28e"},
]

[[package]]
name = "tzdata"
version = "2026.2"
requires_python = ">=2"
summary = "Provider of IANA time zone data"
groups = ["default"]
marker = "sys_platform == \"win32\""
files = [
    {file = "tzdata-2026.2-py2.py3-none-any.whl", hash = "sha256:bbe9af844f658da81a5f95019480da3a89415801f6cc966806612cc7169bffe7"},
    {file = "tzdata-2026.2.tar.gz", hash = "sha256:9173fde7d80d9018e02a662e168e5a2d04f87c41ea174b139fbef642eda62d10"},
]

[[package]]
name = "urllib3"
version = "2.7.0"
requires_python = ">=3.10"
summary = "HTTP library with thread-safe connection pooling, file post, and more."
groups = ["default"]
files = [
    {file = "urllib3-2.7.0-py3-none-any.whl", hash = "sha256:9fb4c81ebbb1ce9531cce37674bbc6f1360472bc18ca9a553ede278ef7276897"},
    {file = "urllib3-2.7.0.tar.gz", hash = "sha256:231e0ec3b63ceb14667c67be60f2f2c40a518cb38b03af60abc813da26505f4c"},
]

[[package]]
name = "whitenoise"
version = "6.12.0"
requires_python = ">=3.10"
summary = "Radically simplified static file serving for WSGI applications"
groups = ["default"]
files = [
    {file = "whitenoise-6.12.0-py3-none-any.whl", hash = "sha256:fc5e8c572e33ebf24795b47b6a7da8da3c00cff2349f5b04c02f28d0cc5a3cc2"},
    {file = "whitenoise-6.12.0.tar.gz", hash = "sha256:f723ebb76a112e98816ff80fcea0a6c9b8ecde835f8ddda25df7a30a3c2db6ad"},
]
